
Microsoft Visual Studio Solution File, Format Version 12.00
Project("{FAE04EC0-301F-11D3-BF4B-00C04F79EFBC}") = "HackAssembler", "src\HackAssembler.csproj", "{1E832551-85CE-4951-B1BD-161FB615B1FE}"
EndProject
Global
	GlobalSection(SolutionConfigurationPlatforms) = preSolution
		Debug|Any CPU = Debug|Any CPU
		Release|Any CPU = Release|Any CPU
	EndGlobalSection
	GlobalSection(ProjectConfigurationPlatforms) = postSolution
		{1E832551-85CE-4951-B1BD-161FB615B1FE}.Debug|Any CPU.ActiveCfg = Debug|Any CPU
		{1E832551-85CE-4951-B1BD-161FB615B1FE}.Debug|Any CPU.Build.0 = Debug|Any CPU
		{1E832551-85CE-4951-B1BD-161FB615B1FE}.Release|Any CPU.ActiveCfg = Release|Any CPU
		{1E832551-85CE-4951-B1BD-161FB615B1FE}.Release|Any CPU.Build.0 = Release|Any CPU
	EndGlobalSection
EndGlobal
